
Microsoft Visual Studio Solution File, Format Version 12.00
# Visual Studio Version 17
VisualStudioVersion = 17.11.35312.102
MinimumVisualStudioVersion = 10.0.40219.1
Project("{FAE04EC0-301F-11D3-BF4B-00C04F79EFBC}") = "MagicOnnxStudio", "MagicOnnxStudio\MagicOnnxStudio.csproj", "{D29A80E2-5F5D-4AA3-92AD-4A89BB7F106B}"
EndProject
Global
	GlobalSection(SolutionConfigurationPlatforms) = preSolution
		Debug|Any CPU = Debug|Any CPU
		Release|Any CPU = Release|Any CPU
	EndGlobalSection
	GlobalSection(ProjectConfigurationPlatforms) = postSolution
		{D29A80E2-5F5D-4AA3-92AD-4A89BB7F106B}.Debug|Any CPU.ActiveCfg = Debug|Any CPU
		{D29A80E2-5F5D-4AA3-92AD-4A89BB7F106B}.Debug|Any CPU.Build.0 = Debug|Any CPU
		{D29A80E2-5F5D-4AA3-92AD-4A89BB7F106B}.Debug|Any CPU.Deploy.0 = Debug|Any CPU
		{D29A80E2-5F5D-4AA3-92AD-4A89BB7F106B}.Release|Any CPU.ActiveCfg = Release|Any CPU
		{D29A80E2-5F5D-4AA3-92AD-4A89BB7F106B}.Release|Any CPU.Build.0 = Release|Any CPU
		{D29A80E2-5F5D-4AA3-92AD-4A89BB7F106B}.Release|Any CPU.Deploy.0 = Release|Any CPU
	EndGlobalSection
	GlobalSection(SolutionProperties) = preSolution
		HideSolutionNode = FALSE
	EndGlobalSection
	GlobalSection(ExtensibilityGlobals) = postSolution
		SolutionGuid = {47348FF6-B23B-4344-B4C3-616DAFE9F466}
	EndGlobalSection
EndGlobal
